{
  "nodes": {
    "flake-utils": {
      "locked": {
        "lastModified": 1667395993,
        "narHash": "sha256-nuEHfE/LcWyuSWnS8t12N1wc105Qtau+/OdUAjtQ0rA=",
        "owner": "numtide",
        "repo": "flake-utils",
        "rev": "5aed5285a952e0b949eb3ba02c12fa4fcfef535f",
        "type": "github"
      },
      "original": {
        "owner": "numtide",
        "repo": "flake-utils",
        "type": "github"
      }
    },
    "flake-utils_2": {
      "locked": {
        "lastModified": 1667395993,
        "narHash": "sha256-nuEHfE/LcWyuSWnS8t12N1wc105Qtau+/OdUAjtQ0rA=",
        "owner": "numtide",
        "repo": "flake-utils",
        "rev": "5aed5285a952e0b949eb3ba02c12fa4fcfef535f",
        "type": "github"
      },
      "original": {
        "owner": "numtide",
        "repo": "flake-utils",
        "type": "github"
      }
    },
    "nixpkgs": {
      "locked": {
        "lastModified": 1707743206,
        "narHash": "sha256-AehgH64b28yKobC/DAWYZWkJBxL/vP83vkY+ag2Hhy4=",
        "owner": "NixOS",
        "repo": "nixpkgs",
        "rev": "2d627a2a704708673e56346fcb13d25344b8eaf3",
        "type": "github"
      },
      "original": {
        "owner": "NixOS",
        "ref": "nixpkgs-unstable",
        "repo": "nixpkgs",
        "type": "github"
      }
    },
    "nixpkgs_2": {
      "locked": {
        "lastModified": 1674990008,
        "narHash": "sha256-4zOyp+hFW2Y7imxIpZqZGT8CEqKmDjwgfD6BzRUE0mQ=",
        "owner": "NixOS",
        "repo": "nixpkgs",
        "rev": "d2bbcbe6c626d339b25a4995711f07625b508214",
        "type": "github"
      },
      "original": {
        "owner": "NixOS",
        "ref": "nixpkgs-unstable",
        "repo": "nixpkgs",
        "type": "github"
      }
    },
    "root": {
      "inputs": {
        "flake-utils": "flake-utils",
        "nixpkgs": "nixpkgs",
        "sbt": "sbt"
      }
    },
    "sbt": {
      "inputs": {
        "flake-utils": "flake-utils_2",
        "nixpkgs": "nixpkgs_2"
      },
      "locked": {
        "lastModified": 1698464090,
        "narHash": "sha256-Pnej7WZIPomYWg8f/CZ65sfW85IfIUjYhphMMg7/LT0=",
        "owner": "zaninime",
        "repo": "sbt-derivation",
        "rev": "6762cf2c31de50efd9ff905cbcc87239995a4ef9",
        "type": "github"
      },
      "original": {
        "owner": "zaninime",
        "repo": "sbt-derivation",
        "type": "github"
      }
    }
  },
  "root": "root",
  "version": 7
}
